{
    "_readme": [
        "This file locks the dependencies of your project to a known state",
        "Read more about it at https://getcomposer.org/doc/01-basic-usage.md#composer-lock-the-lock-file",
        "This file is @generated automatically"
    ],
    "content-hash": "4bef3578b9377b94a02c9469464bd950",
    "packages": [
        {
            "name": "aryelgois/medools",
            "version": "v5.0.0",
            "source": {
                "type": "git",
                "url": "https://github.com/aryelgois/Medools.git",
                "reference": "82d68bbe2c8f618d353b8221dda7cc7f0eaf2dcd"
            },
            "dist": {
                "type": "zip",
                "url": "https://api.github.com/repos/aryelgois/Medools/zipball/82d68bbe2c8f618d353b8221dda7cc7f0eaf2dcd",
                "reference": "82d68bbe2c8f618d353b8221dda7cc7f0eaf2dcd",
                "shasum": ""
            },
            "require": {
                "aryelgois/utils": "^0.5",
                "catfan/medoo": "^1.5",
                "php": "^7.0"
            },
            "suggest": {
                "aryelgois/databases": "For some databases and models already created",
                "aryelgois/yasql-php": "For creating database schemas"
            },
            "type": "library",
            "autoload": {
                "psr-4": {
                    "aryelgois\\Medools\\": "src/"
                }
            },
            "notification-url": "https://packagist.org/downloads/",
            "license": [
                "MIT"
            ],
            "authors": [
                {
                    "name": "Aryel Mota Góis",
                    "role": "Developer"
                }
            ],
            "description": "Wrapper on catfan/Medoo",
            "keywords": [
                "database",
                "medoo",
                "medools"
            ],
            "time": "2018-03-29T14:42:04+00:00"
        },
        {
            "name": "aryelgois/utils",
            "version": "v0.5.1",
            "source": {
                "type": "git",
                "url": "https://github.com/aryelgois/utils.git",
                "reference": "683a4685de166592aadd0fe7ebec828b99f0cbdc"
            },
            "dist": {
                "type": "zip",
                "url": "https://api.github.com/repos/aryelgois/utils/zipball/683a4685de166592aadd0fe7ebec828b99f0cbdc",
                "reference": "683a4685de166592aadd0fe7ebec828b99f0cbdc",
                "shasum": ""
            },
            "require": {
                "php": "^7.0"
            },
            "type": "library",
            "autoload": {
                "psr-4": {
                    "aryelgois\\Utils\\": "src/"
                }
            },
            "notification-url": "https://packagist.org/downloads/",
            "license": [
                "MIT"
            ],
            "authors": [
                {
                    "name": "Aryel Mota Góis",
                    "role": "Developer"
                }
            ],
            "description": "Useful methods for not repeating myself",
            "keywords": [
                "utils"
            ],
            "time": "2018-03-10T13:03:12+00:00"
        },
        {
            "name": "aryelgois/yasql-php",
            "version": "v0.5.0",
            "source": {
                "type": "git",
                "url": "https://github.com/aryelgois/yasql-php.git",
                "reference": "683c8e021b44bc17c022a62adf29bb679469342d"
            },
            "dist": {
                "type": "zip",
                "url": "https://api.github.com/repos/aryelgois/yasql-php/zipball/683c8e021b44bc17c022a62adf29bb679469342d",
                "reference": "683c8e021b44bc17c022a62adf29bb679469342d",
                "shasum": ""
            },
            "require": {
                "php": "^7.0",
                "symfony/yaml": "^3.4"
            },
            "type": "library",
            "autoload": {
                "psr-4": {
                    "aryelgois\\YaSql\\": "src/"
                }
            },
            "notification-url": "https://packagist.org/downloads/",
            "license": [
                "MIT"
            ],
            "authors": [
                {
                    "name": "Aryel Mota Góis",
                    "role": "Developer"
                }
            ],
            "description": "A PHP implementation for YAML Ain't SQL",
            "keywords": [
                "database",
                "php",
                "schema",
                "sql",
                "yaml",
                "yasql"
            ],
            "time": "2018-03-26T16:32:29+00:00"
        },
        {
            "name": "catfan/medoo",
            "version": "v1.5.6",
            "source": {
                "type": "git",
                "url": "https://github.com/catfan/Medoo.git",
                "reference": "f77a93f72864e892c99d1033b8733e5da8fb0b3b"
            },
            "dist": {
                "type": "zip",
                "url": "https://api.github.com/repos/catfan/Medoo/zipball/f77a93f72864e892c99d1033b8733e5da8fb0b3b",
                "reference": "f77a93f72864e892c99d1033b8733e5da8fb0b3b",
                "shasum": ""
            },
            "require": {
                "ext-pdo": "*",
                "php": ">=5.4"
            },
            "suggest": {
                "ext-pdo_dblib": "For MSSQL or Sybase database on Linux/UNIX platform",
                "ext-pdo_mysql": "For MySQL or MariaDB database",
                "ext-pdo_oci": "For Oracle database",
                "ext-pdo_oci8": "For Oracle version 8 database",
                "ext-pdo_pqsql": "For PostgreSQL database",
                "ext-pdo_sqlite": "For SQLite database",
                "ext-pdo_sqlsrv": "For MSSQL database"
            },
            "type": "framework",
            "autoload": {
                "psr-4": {
                    "Medoo\\": "/src"
                }
            },
            "notification-url": "https://packagist.org/downloads/",
            "license": [
                "MIT"
            ],
            "authors": [
                {
                    "name": "Angel Lai",
                    "email": "angel@catfan.me"
                }
            ],
            "description": "The lightest PHP database framework to accelerate development",
            "homepage": "https://medoo.in",
            "keywords": [
                "database",
                "lightweight",
                "mariadb",
                "mssql",
                "mysql",
                "oracle",
                "php framework",
                "postgresql",
                "sql",
                "sqlite"
            ],
            "time": "2018-03-26T17:54:24+00:00"
        },
        {
            "name": "symfony/yaml",
            "version": "v3.4.6",
            "source": {
                "type": "git",
                "url": "https://github.com/symfony/yaml.git",
                "reference": "6af42631dcf89e9c616242c900d6c52bd53bd1bb"
            },
            "dist": {
                "type": "zip",
                "url": "https://api.github.com/repos/symfony/yaml/zipball/6af42631dcf89e9c616242c900d6c52bd53bd1bb",
                "reference": "6af42631dcf89e9c616242c900d6c52bd53bd1bb",
                "shasum": ""
            },
            "require": {
                "php": "^5.5.9|>=7.0.8"
            },
            "conflict": {
                "symfony/console": "<3.4"
            },
            "require-dev": {
                "symfony/console": "~3.4|~4.0"
            },
            "suggest": {
                "symfony/console": "For validating YAML files using the lint command"
            },
            "type": "library",
            "extra": {
                "branch-alias": {
                    "dev-master": "3.4-dev"
                }
            },
            "autoload": {
                "psr-4": {
                    "Symfony\\Component\\Yaml\\": ""
                },
                "exclude-from-classmap": [
                    "/Tests/"
                ]
            },
            "notification-url": "https://packagist.org/downloads/",
            "license": [
                "MIT"
            ],
            "authors": [
                {
                    "name": "Fabien Potencier",
                    "email": "fabien@symfony.com"
                },
                {
                    "name": "Symfony Community",
                    "homepage": "https://symfony.com/contributors"
                }
            ],
            "description": "Symfony Yaml Component",
            "homepage": "https://symfony.com",
            "time": "2018-02-16T09:50:28+00:00"
        }
    ],
    "packages-dev": [],
    "aliases": [],
    "minimum-stability": "stable",
    "stability-flags": [],
    "prefer-stable": false,
    "prefer-lowest": false,
    "platform": {
        "php": "^7.0",
        "ext-zlib": "*"
    },
    "platform-dev": []
}
